<?xml version="1.0" encoding="utf-8"?>
<Project ToolsVersion="4.0" xmlns="http://schemas.microsoft.com/developer/msbuild/2003">
  <ItemGroup>
    <Filter Include="Source Files">
      <UniqueIdentifier>{4FC737F1-C7A5-4376-A066-2A32D752A2FF}</UniqueIdentifier>
      <Extensions>cpp;c;cc;cxx;def;odl;idl;hpj;bat;asm;asmx</Extensions>
    </Filter>
    <Filter Include="Header Files">
      <UniqueIdentifier>{93995380-89BD-4b04-88EB-625FBE52EBFB}</UniqueIdentifier>
      <Extensions>h;hpp;hxx;hm;inl;inc;xsd</Extensions>
    </Filter>
    <Filter Include="Resource Files">
      <UniqueIdentifier>{67DA6AB6-F800-4c08-8B7A-83BB121AAD01}</UniqueIdentifier>
      <Extensions>rc;ico;cur;bmp;dlg;rc2;rct;bin;rgs;gif;jpg;jpeg;jpe;resx;tiff;tif;png;wav;mfcribbon-ms</Extensions>
    </Filter>
    <Filter Include="Source Files\Segments">
      <UniqueIdentifier>{91bcc0f7-f1d8-4603-8d75-a60e7b4d0e68}</UniqueIdentifier>
    </Filter>
    <Filter Include="Header Files\TrackGenerator">
      <UniqueIdentifier>{6801da35-3578-491a-a0d6-3f64feb87a76}</UniqueIdentifier>
    </Filter>
  </ItemGroup>
  <ItemGroup>
    <ClCompile Include="main.cpp">
      <Filter>Source Files</Filter>
    </ClCompile>
    <ClCompile Include="GameManagerClass.cpp">
      <Filter>Source Files</Filter>
    </ClCompile>
    <ClCompile Include="GameRenderer.cpp">
      <Filter>Source Files</Filter>
    </ClCompile>
    <ClCompile Include="Engine.cpp">
      <Filter>Source Files</Filter>
    </ClCompile>
    <ClCompile Include="MenuSceneClass.cpp">
      <Filter>Source Files</Filter>
    </ClCompile>
    <ClCompile Include="PracticeGameScene.cpp">
      <Filter>Source Files</Filter>
    </ClCompile>
    <ClCompile Include="Vehicle.cpp">
      <Filter>Source Files</Filter>
    </ClCompile>
    <ClCompile Include="UserInput.cpp">
      <Filter>Source Files</Filter>
    </ClCompile>
    <ClCompile Include="TrackSegment.cpp">
      <Filter>Source Files\Segments</Filter>
    </ClCompile>
    <ClCompile Include="TrackGenerator.cpp">
      <Filter>Source Files\Segments</Filter>
    </ClCompile>
    <ClCompile Include="CongruentGenerator.cpp">
      <Filter>Source Files\Segments</Filter>
    </ClCompile>
  </ItemGroup>
  <ItemGroup>
    <ClInclude Include="Singleton.hpp">
      <Filter>Header Files</Filter>
    </ClInclude>
    <ClInclude Include="GameManagerClass.hpp">
      <Filter>Header Files</Filter>
    </ClInclude>
    <ClInclude Include="Scene.hpp">
      <Filter>Header Files</Filter>
    </ClInclude>
    <ClInclude Include="GameRenderer.hpp">
      <Filter>Header Files</Filter>
    </ClInclude>
    <ClInclude Include="Engine.hpp">
      <Filter>Header Files</Filter>
    </ClInclude>
    <ClInclude Include="MenuSceneClass.hpp">
      <Filter>Header Files</Filter>
    </ClInclude>
    <ClInclude Include="PracticeGameScene.hpp">
      <Filter>Header Files</Filter>
    </ClInclude>
    <ClInclude Include="Vehicle.hpp">
      <Filter>Header Files</Filter>
    </ClInclude>
    <ClInclude Include="UserInput.hpp">
      <Filter>Header Files</Filter>
    </ClInclude>
    <ClInclude Include="TrackSegment.hpp">
      <Filter>Header Files\TrackGenerator</Filter>
    </ClInclude>
    <ClInclude Include="TrackGenerator.hpp">
      <Filter>Header Files\TrackGenerator</Filter>
    </ClInclude>
    <ClInclude Include="TrackUtil.hpp">
      <Filter>Header Files\TrackGenerator</Filter>
    </ClInclude>
    <ClInclude Include="CongruentGenerator.hpp">
      <Filter>Header Files\TrackGenerator</Filter>
    </ClInclude>
  </ItemGroup>
</Project>