
Microsoft Visual Studio Solution File, Format Version 11.00
# Visual Studio 2010
Project("{8BC9CEB8-8B4A-11D0-8D11-00A0C91BC942}") = "game client", "game client\game client.vcxproj", "{D6EF03E3-45DF-42B8-A280-81AE42E46710}"
EndProject
Project("{8BC9CEB8-8B4A-11D0-8D11-00A0C91BC942}") = "game server", "game server\game server.vcxproj", "{E9A04497-6435-4D82-A3E7-9B2130705853}"
EndProject
Project("{8BC9CEB8-8B4A-11D0-8D11-00A0C91BC942}") = "lib IrrNetLite", "lib IrrNetLite\IrrNetLite.vcxproj", "{25B7FB89-1DDE-4FF1-B08F-A01C77880DF3}"
EndProject
Project("{2150E333-8FDC-42A3-9474-1A3956D46DE8}") = "libraries", "libraries", "{56556DEF-0A43-4AB6-8659-2DABF9894A54}"
EndProject
Global
	GlobalSection(SolutionConfigurationPlatforms) = preSolution
		Debug|Win32 = Debug|Win32
		Release|Win32 = Release|Win32
	EndGlobalSection
	GlobalSection(ProjectConfigurationPlatforms) = postSolution
		{D6EF03E3-45DF-42B8-A280-81AE42E46710}.Debug|Win32.ActiveCfg = Debug|Win32
		{D6EF03E3-45DF-42B8-A280-81AE42E46710}.Debug|Win32.Build.0 = Debug|Win32
		{D6EF03E3-45DF-42B8-A280-81AE42E46710}.Release|Win32.ActiveCfg = Release|Win32
		{D6EF03E3-45DF-42B8-A280-81AE42E46710}.Release|Win32.Build.0 = Release|Win32
		{E9A04497-6435-4D82-A3E7-9B2130705853}.Debug|Win32.ActiveCfg = Debug|Win32
		{E9A04497-6435-4D82-A3E7-9B2130705853}.Debug|Win32.Build.0 = Debug|Win32
		{E9A04497-6435-4D82-A3E7-9B2130705853}.Release|Win32.ActiveCfg = Release|Win32
		{E9A04497-6435-4D82-A3E7-9B2130705853}.Release|Win32.Build.0 = Release|Win32
		{25B7FB89-1DDE-4FF1-B08F-A01C77880DF3}.Debug|Win32.ActiveCfg = Debug|Win32
		{25B7FB89-1DDE-4FF1-B08F-A01C77880DF3}.Debug|Win32.Build.0 = Debug|Win32
		{25B7FB89-1DDE-4FF1-B08F-A01C77880DF3}.Release|Win32.ActiveCfg = Release|Win32
		{25B7FB89-1DDE-4FF1-B08F-A01C77880DF3}.Release|Win32.Build.0 = Release|Win32
	EndGlobalSection
	GlobalSection(SolutionProperties) = preSolution
		HideSolutionNode = FALSE
	EndGlobalSection
	GlobalSection(NestedProjects) = preSolution
		{25B7FB89-1DDE-4FF1-B08F-A01C77880DF3} = {56556DEF-0A43-4AB6-8659-2DABF9894A54}
	EndGlobalSection
EndGlobal
